
Microsoft Visual Studio Solution File, Format Version 12.00
# Visual Studio 14
VisualStudioVersion = 14.0.25420.1
MinimumVisualStudioVersion = 10.0.40219.1
Project("{FAE04EC0-301F-11D3-BF4B-00C04F79EFBC}") = "DieselToolbox", "DieselToolbox\DieselToolbox.csproj", "{F687CEAE-73FF-420E-AA4C-94DED83A03D1}"
EndProject
Project("{FAE04EC0-301F-11D3-BF4B-00C04F79EFBC}") = "DieselToolbox.WinForms", "DieselToolbox.WinForms\DieselToolbox.WinForms.csproj", "{16A42C00-2692-4E0F-91F1-F27424ED3F8A}"
EndProject
Project("{FAE04EC0-301F-11D3-BF4B-00C04F79EFBC}") = "DieselToolbox.Wpf", "DieselToolbox.Wpf\DieselToolbox.Wpf.csproj", "{3FA9ABD2-2CA6-4FF0-918A-FB0B5FCEE8F0}"
EndProject
Project("{FAE04EC0-301F-11D3-BF4B-00C04F79EFBC}") = "DieselToolbox.Gtk2", "DieselToolbox.Gtk2\DieselToolbox.Gtk2.csproj", "{0E3D5371-AF94-4A83-A1BE-34D965000FC2}"
EndProject
Project("{FAE04EC0-301F-11D3-BF4B-00C04F79EFBC}") = "DieselToolbox.Gtk3", "DieselToolbox.Gtk3\DieselToolbox.Gtk3.csproj", "{5ED371A0-D22D-48AA-9F0F-3F247F8D436F}"
EndProject
Global
	GlobalSection(SolutionConfigurationPlatforms) = preSolution
		Debug|Any CPU = Debug|Any CPU
		Debug|x64 = Debug|x64
		Debug|x86 = Debug|x86
		Release|Any CPU = Release|Any CPU
		Release|x64 = Release|x64
		Release|x86 = Release|x86
	EndGlobalSection
	GlobalSection(ProjectConfigurationPlatforms) = postSolution
		{F687CEAE-73FF-420E-AA4C-94DED83A03D1}.Debug|Any CPU.ActiveCfg = Debug|Any CPU
		{F687CEAE-73FF-420E-AA4C-94DED83A03D1}.Debug|Any CPU.Build.0 = Debug|Any CPU
		{F687CEAE-73FF-420E-AA4C-94DED83A03D1}.Debug|x64.ActiveCfg = Debug|Any CPU
		{F687CEAE-73FF-420E-AA4C-94DED83A03D1}.Debug|x64.Build.0 = Debug|Any CPU
		{F687CEAE-73FF-420E-AA4C-94DED83A03D1}.Debug|x86.ActiveCfg = Debug|Any CPU
		{F687CEAE-73FF-420E-AA4C-94DED83A03D1}.Debug|x86.Build.0 = Debug|Any CPU
		{F687CEAE-73FF-420E-AA4C-94DED83A03D1}.Release|Any CPU.ActiveCfg = Release|Any CPU
		{F687CEAE-73FF-420E-AA4C-94DED83A03D1}.Release|Any CPU.Build.0 = Release|Any CPU
		{F687CEAE-73FF-420E-AA4C-94DED83A03D1}.Release|x64.ActiveCfg = Release|x64
		{F687CEAE-73FF-420E-AA4C-94DED83A03D1}.Release|x64.Build.0 = Release|x64
		{F687CEAE-73FF-420E-AA4C-94DED83A03D1}.Release|x86.ActiveCfg = Release|Any CPU
		{F687CEAE-73FF-420E-AA4C-94DED83A03D1}.Release|x86.Build.0 = Release|Any CPU
		{16A42C00-2692-4E0F-91F1-F27424ED3F8A}.Debug|Any CPU.ActiveCfg = Debug|x64
		{16A42C00-2692-4E0F-91F1-F27424ED3F8A}.Debug|Any CPU.Build.0 = Debug|x64
		{16A42C00-2692-4E0F-91F1-F27424ED3F8A}.Debug|x64.ActiveCfg = Debug|x64
		{16A42C00-2692-4E0F-91F1-F27424ED3F8A}.Debug|x64.Build.0 = Debug|x64
		{16A42C00-2692-4E0F-91F1-F27424ED3F8A}.Debug|x86.ActiveCfg = Debug|x86
		{16A42C00-2692-4E0F-91F1-F27424ED3F8A}.Debug|x86.Build.0 = Debug|x86
		{16A42C00-2692-4E0F-91F1-F27424ED3F8A}.Release|Any CPU.ActiveCfg = Release|x86
		{16A42C00-2692-4E0F-91F1-F27424ED3F8A}.Release|Any CPU.Build.0 = Release|x86
		{16A42C00-2692-4E0F-91F1-F27424ED3F8A}.Release|x64.ActiveCfg = Release|x64
		{16A42C00-2692-4E0F-91F1-F27424ED3F8A}.Release|x64.Build.0 = Release|x64
		{16A42C00-2692-4E0F-91F1-F27424ED3F8A}.Release|x86.ActiveCfg = Release|x86
		{16A42C00-2692-4E0F-91F1-F27424ED3F8A}.Release|x86.Build.0 = Release|x86
		{3FA9ABD2-2CA6-4FF0-918A-FB0B5FCEE8F0}.Debug|Any CPU.ActiveCfg = Debug|Any CPU
		{3FA9ABD2-2CA6-4FF0-918A-FB0B5FCEE8F0}.Debug|Any CPU.Build.0 = Debug|Any CPU
		{3FA9ABD2-2CA6-4FF0-918A-FB0B5FCEE8F0}.Debug|x64.ActiveCfg = Debug|x64
		{3FA9ABD2-2CA6-4FF0-918A-FB0B5FCEE8F0}.Debug|x64.Build.0 = Debug|x64
		{3FA9ABD2-2CA6-4FF0-918A-FB0B5FCEE8F0}.Debug|x86.ActiveCfg = Debug|x86
		{3FA9ABD2-2CA6-4FF0-918A-FB0B5FCEE8F0}.Debug|x86.Build.0 = Debug|x86
		{3FA9ABD2-2CA6-4FF0-918A-FB0B5FCEE8F0}.Release|Any CPU.ActiveCfg = Release|x86
		{3FA9ABD2-2CA6-4FF0-918A-FB0B5FCEE8F0}.Release|Any CPU.Build.0 = Release|x86
		{3FA9ABD2-2CA6-4FF0-918A-FB0B5FCEE8F0}.Release|x64.ActiveCfg = Release|x64
		{3FA9ABD2-2CA6-4FF0-918A-FB0B5FCEE8F0}.Release|x64.Build.0 = Release|x64
		{3FA9ABD2-2CA6-4FF0-918A-FB0B5FCEE8F0}.Release|x86.ActiveCfg = Release|x86
		{3FA9ABD2-2CA6-4FF0-918A-FB0B5FCEE8F0}.Release|x86.Build.0 = Release|x86
		{0E3D5371-AF94-4A83-A1BE-34D965000FC2}.Debug|Any CPU.ActiveCfg = Debug|x64
		{0E3D5371-AF94-4A83-A1BE-34D965000FC2}.Debug|Any CPU.Build.0 = Debug|x64
		{0E3D5371-AF94-4A83-A1BE-34D965000FC2}.Debug|x64.ActiveCfg = Debug|x64
		{0E3D5371-AF94-4A83-A1BE-34D965000FC2}.Debug|x64.Build.0 = Debug|x64
		{0E3D5371-AF94-4A83-A1BE-34D965000FC2}.Debug|x86.ActiveCfg = Debug|x86
		{0E3D5371-AF94-4A83-A1BE-34D965000FC2}.Debug|x86.Build.0 = Debug|x86
		{0E3D5371-AF94-4A83-A1BE-34D965000FC2}.Release|Any CPU.ActiveCfg = Release|x86
		{0E3D5371-AF94-4A83-A1BE-34D965000FC2}.Release|Any CPU.Build.0 = Release|x86
		{0E3D5371-AF94-4A83-A1BE-34D965000FC2}.Release|x64.ActiveCfg = Release|x64
		{0E3D5371-AF94-4A83-A1BE-34D965000FC2}.Release|x64.Build.0 = Release|x64
		{0E3D5371-AF94-4A83-A1BE-34D965000FC2}.Release|x86.ActiveCfg = Release|x86
		{0E3D5371-AF94-4A83-A1BE-34D965000FC2}.Release|x86.Build.0 = Release|x86
		{5ED371A0-D22D-48AA-9F0F-3F247F8D436F}.Debug|Any CPU.ActiveCfg = Debug|x64
		{5ED371A0-D22D-48AA-9F0F-3F247F8D436F}.Debug|Any CPU.Build.0 = Debug|x64
		{5ED371A0-D22D-48AA-9F0F-3F247F8D436F}.Debug|x64.ActiveCfg = Debug|x64
		{5ED371A0-D22D-48AA-9F0F-3F247F8D436F}.Debug|x64.Build.0 = Debug|x64
		{5ED371A0-D22D-48AA-9F0F-3F247F8D436F}.Debug|x86.ActiveCfg = Debug|x86
		{5ED371A0-D22D-48AA-9F0F-3F247F8D436F}.Debug|x86.Build.0 = Debug|x86
		{5ED371A0-D22D-48AA-9F0F-3F247F8D436F}.Release|Any CPU.ActiveCfg = Release|x86
		{5ED371A0-D22D-48AA-9F0F-3F247F8D436F}.Release|Any CPU.Build.0 = Release|x86
		{5ED371A0-D22D-48AA-9F0F-3F247F8D436F}.Release|x64.ActiveCfg = Release|x64
		{5ED371A0-D22D-48AA-9F0F-3F247F8D436F}.Release|x64.Build.0 = Release|x64
		{5ED371A0-D22D-48AA-9F0F-3F247F8D436F}.Release|x86.ActiveCfg = Release|x86
		{5ED371A0-D22D-48AA-9F0F-3F247F8D436F}.Release|x86.Build.0 = Release|x86
	EndGlobalSection
	GlobalSection(SolutionProperties) = preSolution
		HideSolutionNode = FALSE
	EndGlobalSection
EndGlobal
